
Microsoft Visual Studio Solution File, Format Version 12.00
# Visual Studio 15
VisualStudioVersion = 15.0.27130.2010
MinimumVisualStudioVersion = 10.0.40219.1
Project("{FAE04EC0-301F-11D3-BF4B-00C04F79EFBC}") = "WcfCustomerPoint", "WcfCustomerPoint\WcfCustomerPoint.csproj", "{F849C325-F963-40E5-B364-7A0826788039}"
EndProject
Global
	GlobalSection(SolutionConfigurationPlatforms) = preSolution
		Debug|Any CPU = Debug|Any CPU
		Release|Any CPU = Release|Any CPU
	EndGlobalSection
	GlobalSection(ProjectConfigurationPlatforms) = postSolution
		{F849C325-F963-40E5-B364-7A0826788039}.Debug|Any CPU.ActiveCfg = Debug|Any CPU
		{F849C325-F963-40E5-B364-7A0826788039}.Debug|Any CPU.Build.0 = Debug|Any CPU
		{F849C325-F963-40E5-B364-7A0826788039}.Release|Any CPU.ActiveCfg = Release|Any CPU
		{F849C325-F963-40E5-B364-7A0826788039}.Release|Any CPU.Build.0 = Release|Any CPU
	EndGlobalSection
	GlobalSection(SolutionProperties) = preSolution
		HideSolutionNode = FALSE
	EndGlobalSection
	GlobalSection(ExtensibilityGlobals) = postSolution
		SolutionGuid = {AC72AB76-7A8B-4751-BA03-AD90A3E52227}
	EndGlobalSection
EndGlobal
